
Microsoft Visual Studio Solution File, Format Version 12.00
# Visual Studio Version 17
VisualStudioVersion = 17.14.36915.13 d17.14
MinimumVisualStudioVersion = 10.0.40219.1
Project("{FAE04EC0-301F-11D3-BF4B-00C04F79EFBC}") = "MyBlog", "MyBlog.csproj", "{F4D7E84D-B3DD-40D7-88EC-30CD2E203015}"
EndProject
Global
	GlobalSection(SolutionConfigurationPlatforms) = preSolution
		Debug|Any CPU = Debug|Any CPU
		Release|Any CPU = Release|Any CPU
	EndGlobalSection
	GlobalSection(ProjectConfigurationPlatforms) = postSolution
		{F4D7E84D-B3DD-40D7-88EC-30CD2E203015}.Debug|Any CPU.ActiveCfg = Debug|Any CPU
		{F4D7E84D-B3DD-40D7-88EC-30CD2E203015}.Debug|Any CPU.Build.0 = Debug|Any CPU
		{F4D7E84D-B3DD-40D7-88EC-30CD2E203015}.Release|Any CPU.ActiveCfg = Release|Any CPU
		{F4D7E84D-B3DD-40D7-88EC-30CD2E203015}.Release|Any CPU.Build.0 = Release|Any CPU
	EndGlobalSection
	GlobalSection(SolutionProperties) = preSolution
		HideSolutionNode = FALSE
	EndGlobalSection
	GlobalSection(ExtensibilityGlobals) = postSolution
		SolutionGuid = {076A53F8-2A21-4495-9260-86A11FE8D65E}
	EndGlobalSection
EndGlobal
